
Microsoft Visual Studio Solution File, Format Version 12.00
# Visual Studio Version 16
VisualStudioVersion = 16.0.32510.428
MinimumVisualStudioVersion = 10.0.40219.1
Project("{FAE04EC0-301F-11D3-BF4B-00C04F79EFBC}") = "EmployeeAPI", "EmployeeAPI\EmployeeAPI.csproj", "{65B44D76-523C-4AEF-B2A1-9DC744F8CF63}"
EndProject
Project("{FAE04EC0-301F-11D3-BF4B-00C04F79EFBC}") = "Employee.Data", "Employee.Data\Employee.Data.csproj", "{7081B4C7-00BA-49BD-929A-00AC34371713}"
EndProject
Global
	GlobalSection(SolutionConfigurationPlatforms) = preSolution
		Debug|Any CPU = Debug|Any CPU
		Release|Any CPU = Release|Any CPU
	EndGlobalSection
	GlobalSection(ProjectConfigurationPlatforms) = postSolution
		{65B44D76-523C-4AEF-B2A1-9DC744F8CF63}.Debug|Any CPU.ActiveCfg = Debug|Any CPU
		{65B44D76-523C-4AEF-B2A1-9DC744F8CF63}.Debug|Any CPU.Build.0 = Debug|Any CPU
		{65B44D76-523C-4AEF-B2A1-9DC744F8CF63}.Release|Any CPU.ActiveCfg = Release|Any CPU
		{65B44D76-523C-4AEF-B2A1-9DC744F8CF63}.Release|Any CPU.Build.0 = Release|Any CPU
		{7081B4C7-00BA-49BD-929A-00AC34371713}.Debug|Any CPU.ActiveCfg = Debug|Any CPU
		{7081B4C7-00BA-49BD-929A-00AC34371713}.Debug|Any CPU.Build.0 = Debug|Any CPU
		{7081B4C7-00BA-49BD-929A-00AC34371713}.Release|Any CPU.ActiveCfg = Release|Any CPU
		{7081B4C7-00BA-49BD-929A-00AC34371713}.Release|Any CPU.Build.0 = Release|Any CPU
	EndGlobalSection
	GlobalSection(SolutionProperties) = preSolution
		HideSolutionNode = FALSE
	EndGlobalSection
	GlobalSection(ExtensibilityGlobals) = postSolution
		SolutionGuid = {3F4A85B5-94DB-48B4-A6BD-EAFCCE266439}
	EndGlobalSection
EndGlobal
